
Microsoft Visual Studio Solution File, Format Version 12.00
# Visual Studio Version 17
VisualStudioVersion = 17.11.35312.102
MinimumVisualStudioVersion = 10.0.40219.1
Project("{FAE04EC0-301F-11D3-BF4B-00C04F79EFBC}") = "01_MainSubjects", "01_MainSubjects\01_MainSubjects.csproj", "{065AC4CA-286A-447F-B240-AE26AFBA65EE}"
EndProject
Project("{FAE04EC0-301F-11D3-BF4B-00C04F79EFBC}") = "02_Variables", "02_Variables\02_Variables.csproj", "{48A90195-A310-45AD-9298-8BF808D734A7}"
EndProject
Global
	GlobalSection(SolutionConfigurationPlatforms) = preSolution
		Debug|Any CPU = Debug|Any CPU
		Release|Any CPU = Release|Any CPU
	EndGlobalSection
	GlobalSection(ProjectConfigurationPlatforms) = postSolution
		{065AC4CA-286A-447F-B240-AE26AFBA65EE}.Debug|Any CPU.ActiveCfg = Debug|Any CPU
		{065AC4CA-286A-447F-B240-AE26AFBA65EE}.Debug|Any CPU.Build.0 = Debug|Any CPU
		{065AC4CA-286A-447F-B240-AE26AFBA65EE}.Release|Any CPU.ActiveCfg = Release|Any CPU
		{065AC4CA-286A-447F-B240-AE26AFBA65EE}.Release|Any CPU.Build.0 = Release|Any CPU
		{48A90195-A310-45AD-9298-8BF808D734A7}.Debug|Any CPU.ActiveCfg = Debug|Any CPU
		{48A90195-A310-45AD-9298-8BF808D734A7}.Debug|Any CPU.Build.0 = Debug|Any CPU
		{48A90195-A310-45AD-9298-8BF808D734A7}.Release|Any CPU.ActiveCfg = Release|Any CPU
		{48A90195-A310-45AD-9298-8BF808D734A7}.Release|Any CPU.Build.0 = Release|Any CPU
	EndGlobalSection
	GlobalSection(SolutionProperties) = preSolution
		HideSolutionNode = FALSE
	EndGlobalSection
	GlobalSection(ExtensibilityGlobals) = postSolution
		SolutionGuid = {73C507AD-E758-4A4C-AC83-47BF40EDAEC8}
	EndGlobalSection
EndGlobal
